
Microsoft Visual Studio Solution File, Format Version 12.00
# Visual Studio 2015
Project("{FAE04EC0-301F-11D3-BF4B-00C04F79EFBC}") = "HomeTown.CSharp", "HomeTown.CSharp.csproj", "{3C88C910-0222-423E-5252-FAF8BCB11FFB}"
EndProject
Project("{FAE04EC0-301F-11D3-BF4B-00C04F79EFBC}") = "HomeTown.CSharp.Editor", "HomeTown.CSharp.Editor.csproj", "{CE416CAF-4D11-FE91-BB04-20C852B0B1AD}"
EndProject
Global
	GlobalSection(SolutionConfigurationPlatforms) = preSolution
		Debug|Any CPU = Debug|Any CPU
		Release|Any CPU = Release|Any CPU
	EndGlobalSection
	GlobalSection(ProjectConfigurationPlatforms) = postSolution
		{3C88C910-0222-423E-5252-FAF8BCB11FFB}.Debug|Any CPU.ActiveCfg = Debug|Any CPU
		{3C88C910-0222-423E-5252-FAF8BCB11FFB}.Debug|Any CPU.Build.0 = Debug|Any CPU
		{3C88C910-0222-423E-5252-FAF8BCB11FFB}.Release|Any CPU.ActiveCfg = Release|Any CPU
		{3C88C910-0222-423E-5252-FAF8BCB11FFB}.Release|Any CPU.Build.0 = Release|Any CPU
		{CE416CAF-4D11-FE91-BB04-20C852B0B1AD}.Debug|Any CPU.ActiveCfg = Debug|Any CPU
		{CE416CAF-4D11-FE91-BB04-20C852B0B1AD}.Debug|Any CPU.Build.0 = Debug|Any CPU
		{CE416CAF-4D11-FE91-BB04-20C852B0B1AD}.Release|Any CPU.ActiveCfg = Release|Any CPU
		{CE416CAF-4D11-FE91-BB04-20C852B0B1AD}.Release|Any CPU.Build.0 = Release|Any CPU
	EndGlobalSection
	GlobalSection(SolutionProperties) = preSolution
		HideSolutionNode = FALSE
	EndGlobalSection
EndGlobal
